
Microsoft Visual Studio Solution File, Format Version 12.00
# Visual Studio 15
Project("{FAE04EC0-301F-11D3-BF4B-00C04F79EFBC}") = "antiplatformer", "antiplatformer\antiplatformer.csproj", "{86A28931-119A-4A6F-B521-1549A543C600}"
EndProject
Global
	GlobalSection(SolutionConfigurationPlatforms) = preSolution
		Debug|x86 = Debug|x86
		Release|x86 = Release|x86
	EndGlobalSection
	GlobalSection(ProjectConfigurationPlatforms) = postSolution
		{86A28931-119A-4A6F-B521-1549A543C600}.Debug|x86.ActiveCfg = Debug|x86
		{86A28931-119A-4A6F-B521-1549A543C600}.Debug|x86.Build.0 = Debug|x86
		{86A28931-119A-4A6F-B521-1549A543C600}.Release|x86.ActiveCfg = Release|x86
		{86A28931-119A-4A6F-B521-1549A543C600}.Release|x86.Build.0 = Release|x86
	EndGlobalSection
	GlobalSection(MonoDevelopProperties) = preSolution
		Policies = $0
		$0.DotNetNamingPolicy = $1
		$1.DirectoryNamespaceAssociation = PrefixedHierarchical
		$0.TextStylePolicy = $2
		$2.FileWidth = 80
		$2.TabsToSpaces = True
		$2.scope = text/plain
		version = A-0.2.1
	EndGlobalSection
EndGlobal
